// !$*UTF8*$!
{
	archiveVersion = 1;
	classes = {
	};
	objectVersion = 50;
	objects = {

/* Begin PBXBuildFile section */
		7723801421E0A64600BA55C8 /* AppDelegate.m in Sources */ = {isa = PBXBuildFile; fileRef = 7723801321E0A64600BA55C8 /* AppDelegate.m */; };
		7723801721E0A64600BA55C8 /* CutoutViewController.m in Sources */ = {isa = PBXBuildFile; fileRef = 7723801621E0A64600BA55C8 /* CutoutViewController.m */; };
		7723801A21E0A64600BA55C8 /* Main.storyboard in Resources */ = {isa = PBXBuildFile; fileRef = 7723801821E0A64600BA55C8 /* Main.storyboard */; };
		7723801C21E0A64800BA55C8 /* Assets.xcassets in Resources */ = {isa = PBXBuildFile; fileRef = 7723801B21E0A64800BA55C8 /* Assets.xcassets */; };
		7723801F21E0A64800BA55C8 /* LaunchScreen.storyboard in Resources */ = {isa = PBXBuildFile; fileRef = 7723801D21E0A64800BA55C8 /* LaunchScreen.storyboard */; };
		7723802221E0A64800BA55C8 /* main.m in Sources */ = {isa = PBXBuildFile; fileRef = 7723802121E0A64800BA55C8 /* main.m */; };
		7723802A21E0A6C500BA55C8 /* UIBezierPath+TextPath.m in Sources */ = {isa = PBXBuildFile; fileRef = 7723802921E0A6C500BA55C8 /* UIBezierPath+TextPath.m */; };
		7723802D21E1052700BA55C8 /* ZDXCutoutLabel.m in Sources */ = {isa = PBXBuildFile; fileRef = 7723802C21E1052700BA55C8 /* ZDXCutoutLabel.m */; };
		7723803021E1A55D00BA55C8 /* BasicViewController.m in Sources */ = {isa = PBXBuildFile; fileRef = 7723802F21E1A55D00BA55C8 /* BasicViewController.m */; };
		7723803321E1A5D200BA55C8 /* ZDXBasicTextView.m in Sources */ = {isa = PBXBuildFile; fileRef = 7723803221E1A5D200BA55C8 /* ZDXBasicTextView.m */; };
		7723803721E236BE00BA55C8 /* timg.gif in Resources */ = {isa = PBXBuildFile; fileRef = 7723803621E236BE00BA55C8 /* timg.gif */; };
/* End PBXBuildFile section */

/* Begin PBXFileReference section */
		7723800F21E0A64600BA55C8 /* NSStringPathDemo.app */ = {isa = PBXFileReference; explicitFileType = wrapper.application; includeInIndex = 0; path = NSStringPathDemo.app; sourceTree = BUILT_PRODUCTS_DIR; };
		7723801221E0A64600BA55C8 /* AppDelegate.h */ = {isa = PBXFileReference; lastKnownFileType = sourcecode.c.h; path = AppDelegate.h; sourceTree = "<group>"; };
		7723801321E0A64600BA55C8 /* AppDelegate.m */ = {isa = PBXFileReference; lastKnownFileType = sourcecode.c.objc; path = AppDelegate.m; sourceTree = "<group>"; };
		7723801521E0A64600BA55C8 /* CutoutViewController.h */ = {isa = PBXFileReference; lastKnownFileType = sourcecode.c.h; path = CutoutViewController.h; sourceTree = "<group>"; };
		7723801621E0A64600BA55C8 /* CutoutViewController.m */ = {isa = PBXFileReference; lastKnownFileType = sourcecode.c.objc; path = CutoutViewController.m; sourceTree = "<group>"; };
		7723801921E0A64600BA55C8 /* Base */ = {isa = PBXFileReference; lastKnownFileType = file.storyboard; name = Base; path = Base.lproj/Main.storyboard; sourceTree = "<group>"; };
		7723801B21E0A64800BA55C8 /* Assets.xcassets */ = {isa = PBXFileReference; lastKnownFileType = folder.assetcatalog; path = Assets.xcassets; sourceTree = "<group>"; };
		7723801E21E0A64800BA55C8 /* Base */ = {isa = PBXFileReference; lastKnownFileType = file.storyboard; name = Base; path = Base.lproj/LaunchScreen.storyboard; sourceTree = "<group>"; };
		7723802021E0A64800BA55C8 /* Info.plist */ = {isa = PBXFileReference; lastKnownFileType = text.plist.xml; path = Info.plist; sourceTree = "<group>"; };
		7723802121E0A64800BA55C8 /* main.m */ = {isa = PBXFileReference; lastKnownFileType = sourcecode.c.objc; path = main.m; sourceTree = "<group>"; };
		7723802821E0A6C500BA55C8 /* UIBezierPath+TextPath.h */ = {isa = PBXFileReference; lastKnownFileType = sourcecode.c.h; path = "UIBezierPath+TextPath.h"; sourceTree = "<group>"; };
		7723802921E0A6C500BA55C8 /* UIBezierPath+TextPath.m */ = {isa = PBXFileReference; lastKnownFileType = sourcecode.c.objc; path = "UIBezierPath+TextPath.m"; sourceTree = "<group>"; };
		7723802B21E1052700BA55C8 /* ZDXCutoutLabel.h */ = {isa = PBXFileReference; lastKnownFileType = sourcecode.c.h; path = ZDXCutoutLabel.h; sourceTree = "<group>"; };
		7723802C21E1052700BA55C8 /* ZDXCutoutLabel.m */ = {isa = PBXFileReference; lastKnownFileType = sourcecode.c.objc; path = ZDXCutoutLabel.m; sourceTree = "<group>"; };
		7723802E21E1A55D00BA55C8 /* BasicViewController.h */ = {isa = PBXFileReference; lastKnownFileType = sourcecode.c.h; path = BasicViewController.h; sourceTree = "<group>"; };
		7723802F21E1A55D00BA55C8 /* BasicViewController.m */ = {isa = PBXFileReference; lastKnownFileType = sourcecode.c.objc; path = BasicViewController.m; sourceTree = "<group>"; };
		7723803121E1A5D200BA55C8 /* ZDXBasicTextView.h */ = {isa = PBXFileReference; lastKnownFileType = sourcecode.c.h; path = ZDXBasicTextView.h; sourceTree = "<group>"; };
		7723803221E1A5D200BA55C8 /* ZDXBasicTextView.m */ = {isa = PBXFileReference; lastKnownFileType = sourcecode.c.objc; path = ZDXBasicTextView.m; sourceTree = "<group>"; };
		7723803621E236BE00BA55C8 /* timg.gif */ = {isa = PBXFileReference; lastKnownFileType = image.gif; path = timg.gif; sourceTree = "<group>"; };
/* End PBXFileReference section */

/* Begin PBXFrameworksBuildPhase section */
		7723800C21E0A64600BA55C8 /* Frameworks */ = {
			isa = PBXFrameworksBuildPhase;
			buildActionMask = 2147483647;
			files = (
			);
			runOnlyForDeploymentPostprocessing = 0;
		};
/* End PBXFrameworksBuildPhase section */

/* Begin PBXGroup section */
		7723800621E0A64600BA55C8 = {
			isa = PBXGroup;
			children = (
				7723801121E0A64600BA55C8 /* NSStringPathDemo */,
				7723801021E0A64600BA55C8 /* Products */,
			);
			sourceTree = "<group>";
		};
		7723801021E0A64600BA55C8 /* Products */ = {
			isa = PBXGroup;
			children = (
				7723800F21E0A64600BA55C8 /* NSStringPathDemo.app */,
			);
			name = Products;
			sourceTree = "<group>";
		};
		7723801121E0A64600BA55C8 /* NSStringPathDemo */ = {
			isa = PBXGroup;
			children = (
				7723803621E236BE00BA55C8 /* timg.gif */,
				7723801221E0A64600BA55C8 /* AppDelegate.h */,
				7723801321E0A64600BA55C8 /* AppDelegate.m */,
				7723801521E0A64600BA55C8 /* CutoutViewController.h */,
				7723801621E0A64600BA55C8 /* CutoutViewController.m */,
				7723801821E0A64600BA55C8 /* Main.storyboard */,
				7723801B21E0A64800BA55C8 /* Assets.xcassets */,
				7723801D21E0A64800BA55C8 /* LaunchScreen.storyboard */,
				7723802021E0A64800BA55C8 /* Info.plist */,
				7723802121E0A64800BA55C8 /* main.m */,
				7723802821E0A6C500BA55C8 /* UIBezierPath+TextPath.h */,
				7723802921E0A6C500BA55C8 /* UIBezierPath+TextPath.m */,
				7723802B21E1052700BA55C8 /* ZDXCutoutLabel.h */,
				7723802C21E1052700BA55C8 /* ZDXCutoutLabel.m */,
				7723802E21E1A55D00BA55C8 /* BasicViewController.h */,
				7723802F21E1A55D00BA55C8 /* BasicViewController.m */,
				7723803121E1A5D200BA55C8 /* ZDXBasicTextView.h */,
				7723803221E1A5D200BA55C8 /* ZDXBasicTextView.m */,
			);
			path = NSStringPathDemo;
			sourceTree = "<group>";
		};
/* End PBXGroup section */

/* Begin PBXNativeTarget section */
		7723800E21E0A64600BA55C8 /* NSStringPathDemo */ = {
			isa = PBXNativeTarget;
			buildConfigurationList = 7723802521E0A64800BA55C8 /* Build configuration list for PBXNativeTarget "NSStringPathDemo" */;
			buildPhases = (
				7723800B21E0A64600BA55C8 /* Sources */,
				7723800C21E0A64600BA55C8 /* Frameworks */,
				7723800D21E0A64600BA55C8 /* Resources */,
			);
			buildRules = (
			);
			dependencies = (
			);
			name = NSStringPathDemo;
			productName = NSStringPathDemo;
			productReference = 7723800F21E0A64600BA55C8 /* NSStringPathDemo.app */;
			productType = "com.apple.product-type.application";
		};
/* End PBXNativeTarget section */

/* Begin PBXProject section */
		7723800721E0A64600BA55C8 /* Project object */ = {
			isa = PBXProject;
			attributes = {
				LastUpgradeCheck = 1010;
				ORGANIZATIONNAME = none;
				TargetAttributes = {
					7723800E21E0A64600BA55C8 = {
						CreatedOnToolsVersion = 10.1;
					};
				};
			};
			buildConfigurationList = 7723800A21E0A64600BA55C8 /* Build configuration list for PBXProject "NSStringPathDemo" */;
			compatibilityVersion = "Xcode 9.3";
			developmentRegion = en;
			hasScannedForEncodings = 0;
			knownRegions = (
				en,
				Base,
			);
			mainGroup = 7723800621E0A64600BA55C8;
			productRefGroup = 7723801021E0A64600BA55C8 /* Products */;
			projectDirPath = "";
			projectRoot = "";
			targets = (
				7723800E21E0A64600BA55C8 /* NSStringPathDemo */,
			);
		};
/* End PBXProject section */

/* Begin PBXResourcesBuildPhase section */
		7723800D21E0A64600BA55C8 /* Resources */ = {
			isa = PBXResourcesBuildPhase;
			buildActionMask = 2147483647;
			files = (
				7723801F21E0A64800BA55C8 /* LaunchScreen.storyboard in Resources */,
				7723803721E236BE00BA55C8 /* timg.gif in Resources */,
				7723801C21E0A64800BA55C8 /* Assets.xcassets in Resources */,
				7723801A21E0A64600BA55C8 /* Main.storyboard in Resources */,
			);
			runOnlyForDeploymentPostprocessing = 0;
		};
/* End PBXResourcesBuildPhase section */

/* Begin PBXSourcesBuildPhase section */
		7723800B21E0A64600BA55C8 /* Sources */ = {
			isa = PBXSourcesBuildPhase;
			buildActionMask = 2147483647;
			files = (
				7723802D21E1052700BA55C8 /* ZDXCutoutLabel.m in Sources */,
				7723801721E0A64600BA55C8 /* CutoutViewController.m in Sources */,
				7723802221E0A64800BA55C8 /* main.m in Sources */,
				7723801421E0A64600BA55C8 /* AppDelegate.m in Sources */,
				7723803321E1A5D200BA55C8 /* ZDXBasicTextView.m in Sources */,
				7723802A21E0A6C500BA55C8 /* UIBezierPath+TextPath.m in Sources */,
				7723803021E1A55D00BA55C8 /* BasicViewController.m in Sources */,
			);
			runOnlyForDeploymentPostprocessing = 0;
		};
/* End PBXSourcesBuildPhase section */

/* Begin PBXVariantGroup section */
		7723801821E0A64600BA55C8 /* Main.storyboard */ = {
			isa = PBXVariantGroup;
			children = (
				7723801921E0A64600BA55C8 /* Base */,
			);
			name = Main.storyboard;
			sourceTree = "<group>";
		};
		7723801D21E0A64800BA55C8 /* LaunchScreen.storyboard */ = {
			isa = PBXVariantGroup;
			children = (
				7723801E21E0A64800BA55C8 /* Base */,
			);
			name = LaunchScreen.storyboard;
			sourceTree = "<group>";
		};
/* End PBXVariantGroup section */

/* Begin XCBuildConfiguration section */
		7723802321E0A64800BA55C8 /* Debug */ = {
			isa = XCBuildConfiguration;
			buildSettings = {
				ALWAYS_SEARCH_USER_PATHS = NO;
				CLANG_ANALYZER_NONNULL = YES;
				CLANG_ANALYZER_NUMBER_OBJECT_CONVERSION = YES_AGGRESSIVE;
				CLANG_CXX_LANGUAGE_STANDARD = "gnu++14";
				CLANG_CXX_LIBRARY = "libc++";
				CLANG_ENABLE_MODULES = YES;
				CLANG_ENABLE_OBJC_ARC = YES;
				CLANG_ENABLE_OBJC_WEAK = YES;
				CLANG_WARN_BLOCK_CAPTURE_AUTORELEASING = YES;
				CLANG_WARN_BOOL_CONVERSION = YES;
				CLANG_WARN_COMMA = YES;
				CLANG_WARN_CONSTANT_CONVERSION = YES;
				CLANG_WARN_DEPRECATED_OBJC_IMPLEMENTATIONS = YES;
				CLANG_WARN_DIRECT_OBJC_ISA_USAGE = YES_ERROR;
				CLANG_WARN_DOCUMENTATION_COMMENTS = YES;
				CLANG_WARN_EMPTY_BODY = YES;
				CLANG_WARN_ENUM_CONVERSION = YES;
				CLANG_WARN_INFINITE_RECURSION = YES;
				CLANG_WARN_INT_CONVERSION = YES;
				CLANG_WARN_NON_LITERAL_NULL_CONVERSION = YES;
				CLANG_WARN_OBJC_IMPLICIT_RETAIN_SELF = YES;
				CLANG_WARN_OBJC_LITERAL_CONVERSION = YES;
				CLANG_WARN_OBJC_ROOT_CLASS = YES_ERROR;
				CLANG_WARN_RANGE_LOOP_ANALYSIS = YES;
				CLANG_WARN_STRICT_PROTOTYPES = YES;
				CLANG_WARN_SUSPICIOUS_MOVE = YES;
				CLANG_WARN_UNGUARDED_AVAILABILITY = YES_AGGRESSIVE;
				CLANG_WARN_UNREACHABLE_CODE = YES;
				CLANG_WARN__DUPLICATE_METHOD_MATCH = YES;
				CODE_SIGN_IDENTITY = "iPhone Developer";
				COPY_PHASE_STRIP = NO;
				DEBUG_INFORMATION_FORMAT = dwarf;
				ENABLE_STRICT_OBJC_MSGSEND = YES;
				ENABLE_TESTABILITY = YES;
				GCC_C_LANGUAGE_STANDARD = gnu11;
				GCC_DYNAMIC_NO_PIC = NO;
				GCC_NO_COMMON_BLOCKS = YES;
				GCC_OPTIMIZATION_LEVEL = 0;
				GCC_PREPROCESSOR_DEFINITIONS = (
					"DEBUG=1",
					"$(inherited)",
				);
				GCC_WARN_64_TO_32_BIT_CONVERSION = YES;
				GCC_WARN_ABOUT_RETURN_TYPE = YES_ERROR;
				GCC_WARN_UNDECLARED_SELECTOR = YES;
				GCC_WARN_UNINITIALIZED_AUTOS = YES_AGGRESSIVE;
				GCC_WARN_UNUSED_FUNCTION = YES;
				GCC_WARN_UNUSED_VARIABLE = YES;
				IPHONEOS_DEPLOYMENT_TARGET = 12.1;
				MTL_ENABLE_DEBUG_INFO = INCLUDE_SOURCE;
				MTL_FAST_MATH = YES;
				ONLY_ACTIVE_ARCH = YES;
				SDKROOT = iphoneos;
			};
			name = Debug;
		};
		7723802421E0A64800BA55C8 /* Release */ = {
			isa = XCBuildConfiguration;
			buildSettings = {
				ALWAYS_SEARCH_USER_PATHS = NO;
				CLANG_ANALYZER_NONNULL = YES;
				CLANG_ANALYZER_NUMBER_OBJECT_CONVERSION = YES_AGGRESSIVE;
				CLANG_CXX_LANGUAGE_STANDARD = "gnu++14";
				CLANG_CXX_LIBRARY = "libc++";
				CLANG_ENABLE_MODULES = YES;
				CLANG_ENABLE_OBJC_ARC = YES;
				CLANG_ENABLE_OBJC_WEAK = YES;
				CLANG_WARN_BLOCK_CAPTURE_AUTORELEASING = YES;
				CLANG_WARN_BOOL_CONVERSION = YES;
				CLANG_WARN_COMMA = YES;
				CLANG_WARN_CONSTANT_CONVERSION = YES;
				CLANG_WARN_DEPRECATED_OBJC_IMPLEMENTATIONS = YES;
				CLANG_WARN_DIRECT_OBJC_ISA_USAGE = YES_ERROR;
				CLANG_WARN_DOCUMENTATION_COMMENTS = YES;
				CLANG_WARN_EMPTY_BODY = YES;
				CLANG_WARN_ENUM_CONVERSION = YES;
				CLANG_WARN_INFINITE_RECURSION = YES;
				CLANG_WARN_INT_CONVERSION = YES;
				CLANG_WARN_NON_LITERAL_NULL_CONVERSION = YES;
				CLANG_WARN_OBJC_IMPLICIT_RETAIN_SELF = YES;
				CLANG_WARN_OBJC_LITERAL_CONVERSION = YES;
				CLANG_WARN_OBJC_ROOT_CLASS = YES_ERROR;
				CLANG_WARN_RANGE_LOOP_ANALYSIS = YES;
				CLANG_WARN_STRICT_PROTOTYPES = YES;
				CLANG_WARN_SUSPICIOUS_MOVE = YES;
				CLANG_WARN_UNGUARDED_AVAILABILITY = YES_AGGRESSIVE;
				CLANG_WARN_UNREACHABLE_CODE = YES;
				CLANG_WARN__DUPLICATE_METHOD_MATCH = YES;
				CODE_SIGN_IDENTITY = "iPhone Developer";
				COPY_PHASE_STRIP = NO;
				DEBUG_INFORMATION_FORMAT = "dwarf-with-dsym";
				ENABLE_NS_ASSERTIONS = NO;
				ENABLE_STRICT_OBJC_MSGSEND = YES;
				GCC_C_LANGUAGE_STANDARD = gnu11;
				GCC_NO_COMMON_BLOCKS = YES;
				GCC_WARN_64_TO_32_BIT_CONVERSION = YES;
				GCC_WARN_ABOUT_RETURN_TYPE = YES_ERROR;
				GCC_WARN_UNDECLARED_SELECTOR = YES;
				GCC_WARN_UNINITIALIZED_AUTOS = YES_AGGRESSIVE;
				GCC_WARN_UNUSED_FUNCTION = YES;
				GCC_WARN_UNUSED_VARIABLE = YES;
				IPHONEOS_DEPLOYMENT_TARGET = 12.1;
				MTL_ENABLE_DEBUG_INFO = NO;
				MTL_FAST_MATH = YES;
				SDKROOT = iphoneos;
				VALIDATE_PRODUCT = YES;
			};
			name = Release;
		};
		7723802621E0A64800BA55C8 /* Debug */ = {
			isa = XCBuildConfiguration;
			buildSettings = {
				ASSETCATALOG_COMPILER_APPICON_NAME = AppIcon;
				CODE_SIGN_STYLE = Automatic;
				INFOPLIST_FILE = NSStringPathDemo/Info.plist;
				LD_RUNPATH_SEARCH_PATHS = (
					"$(inherited)",
					"@executable_path/Frameworks",
				);
				PRODUCT_BUNDLE_IDENTIFIER = zdaxia.com.NSStringPathDemo;
				PRODUCT_NAME = "$(TARGET_NAME)";
				TARGETED_DEVICE_FAMILY = "1,2";
			};
			name = Debug;
		};
		7723802721E0A64800BA55C8 /* Release */ = {
			isa = XCBuildConfiguration;
			buildSettings = {
				ASSETCATALOG_COMPILER_APPICON_NAME = AppIcon;
				CODE_SIGN_STYLE = Automatic;
				INFOPLIST_FILE = NSStringPathDemo/Info.plist;
				LD_RUNPATH_SEARCH_PATHS = (
					"$(inherited)",
					"@executable_path/Frameworks",
				);
				PRODUCT_BUNDLE_IDENTIFIER = zdaxia.com.NSStringPathDemo;
				PRODUCT_NAME = "$(TARGET_NAME)";
				TARGETED_DEVICE_FAMILY = "1,2";
			};
			name = Release;
		};
/* End XCBuildConfiguration section */

/* Begin XCConfigurationList section */
		7723800A21E0A64600BA55C8 /* Build configuration list for PBXProject "NSStringPathDemo" */ = {
			isa = XCConfigurationList;
			buildConfigurations = (
				7723802321E0A64800BA55C8 /* Debug */,
				7723802421E0A64800BA55C8 /* Release */,
			);
			defaultConfigurationIsVisible = 0;
			defaultConfigurationName = Release;
		};
		7723802521E0A64800BA55C8 /* Build configuration list for PBXNativeTarget "NSStringPathDemo" */ = {
			isa = XCConfigurationList;
			buildConfigurations = (
				7723802621E0A64800BA55C8 /* Debug */,
				7723802721E0A64800BA55C8 /* Release */,
			);
			defaultConfigurationIsVisible = 0;
			defaultConfigurationName = Release;
		};
/* End XCConfigurationList section */
	};
	rootObject = 7723800721E0A64600BA55C8 /* Project object */;
}
